
Microsoft Visual Studio Solution File, Format Version 12.00
# Visual Studio Version 17
VisualStudioVersion = 17.11.35327.3
MinimumVisualStudioVersion = 10.0.40219.1
Project("{FAE04EC0-301F-11D3-BF4B-00C04F79EFBC}") = "Server", "Server\Server.csproj", "{A60ADE37-8981-43FC-BFAB-159C0892845E}"
EndProject
Project("{FAE04EC0-301F-11D3-BF4B-00C04F79EFBC}") = "Client", "Client\Client.csproj", "{84AD9F31-5F58-4770-B357-202A088E335C}"
EndProject
Project("{FAE04EC0-301F-11D3-BF4B-00C04F79EFBC}") = "BaseLibrary", "BaseLibrary\BaseLibrary.csproj", "{BE8D233A-C67F-427F-92E5-F463164F06E0}"
EndProject
Project("{FAE04EC0-301F-11D3-BF4B-00C04F79EFBC}") = "clientLibrary", "clientLibrary\clientLibrary.csproj", "{15FBF494-9F7F-4710-B28B-F6EF9A66BFCD}"
EndProject
Project("{FAE04EC0-301F-11D3-BF4B-00C04F79EFBC}") = "ServerLibrary", "ServerLibrary\ServerLibrary.csproj", "{C2D981BA-EB3A-4230-AE86-D851AB92DA3D}"
EndProject
Global
	GlobalSection(SolutionConfigurationPlatforms) = preSolution
		Debug|Any CPU = Debug|Any CPU
		Release|Any CPU = Release|Any CPU
	EndGlobalSection
	GlobalSection(ProjectConfigurationPlatforms) = postSolution
		{A60ADE37-8981-43FC-BFAB-159C0892845E}.Debug|Any CPU.ActiveCfg = Debug|Any CPU
		{A60ADE37-8981-43FC-BFAB-159C0892845E}.Debug|Any CPU.Build.0 = Debug|Any CPU
		{A60ADE37-8981-43FC-BFAB-159C0892845E}.Release|Any CPU.ActiveCfg = Release|Any CPU
		{A60ADE37-8981-43FC-BFAB-159C0892845E}.Release|Any CPU.Build.0 = Release|Any CPU
		{84AD9F31-5F58-4770-B357-202A088E335C}.Debug|Any CPU.ActiveCfg = Debug|Any CPU
		{84AD9F31-5F58-4770-B357-202A088E335C}.Debug|Any CPU.Build.0 = Debug|Any CPU
		{84AD9F31-5F58-4770-B357-202A088E335C}.Release|Any CPU.ActiveCfg = Release|Any CPU
		{84AD9F31-5F58-4770-B357-202A088E335C}.Release|Any CPU.Build.0 = Release|Any CPU
		{BE8D233A-C67F-427F-92E5-F463164F06E0}.Debug|Any CPU.ActiveCfg = Debug|Any CPU
		{BE8D233A-C67F-427F-92E5-F463164F06E0}.Debug|Any CPU.Build.0 = Debug|Any CPU
		{BE8D233A-C67F-427F-92E5-F463164F06E0}.Release|Any CPU.ActiveCfg = Release|Any CPU
		{BE8D233A-C67F-427F-92E5-F463164F06E0}.Release|Any CPU.Build.0 = Release|Any CPU
		{15FBF494-9F7F-4710-B28B-F6EF9A66BFCD}.Debug|Any CPU.ActiveCfg = Debug|Any CPU
		{15FBF494-9F7F-4710-B28B-F6EF9A66BFCD}.Debug|Any CPU.Build.0 = Debug|Any CPU
		{15FBF494-9F7F-4710-B28B-F6EF9A66BFCD}.Release|Any CPU.ActiveCfg = Release|Any CPU
		{15FBF494-9F7F-4710-B28B-F6EF9A66BFCD}.Release|Any CPU.Build.0 = Release|Any CPU
		{C2D981BA-EB3A-4230-AE86-D851AB92DA3D}.Debug|Any CPU.ActiveCfg = Debug|Any CPU
		{C2D981BA-EB3A-4230-AE86-D851AB92DA3D}.Debug|Any CPU.Build.0 = Debug|Any CPU
		{C2D981BA-EB3A-4230-AE86-D851AB92DA3D}.Release|Any CPU.ActiveCfg = Release|Any CPU
		{C2D981BA-EB3A-4230-AE86-D851AB92DA3D}.Release|Any CPU.Build.0 = Release|Any CPU
	EndGlobalSection
	GlobalSection(SolutionProperties) = preSolution
		HideSolutionNode = FALSE
	EndGlobalSection
	GlobalSection(ExtensibilityGlobals) = postSolution
		SolutionGuid = {0FDA2FFE-EF3E-4694-8B36-CD20E477A10C}
	EndGlobalSection
EndGlobal
